
Microsoft Visual Studio Solution File, Format Version 12.00
# Visual Studio Version 16
VisualStudioVersion = 16.0.31129.286
MinimumVisualStudioVersion = 10.0.40219.1
Project("{FAE04EC0-301F-11D3-BF4B-00C04F79EFBC}") = "ConversorNumerosRomanosEIndoArabicos", "ConversorNumerosRomanosEIndoArabicos\ConversorNumerosRomanosEIndoArabicos.csproj", "{BFB00741-FA96-4A39-A369-952793C21306}"
EndProject
Project("{FAE04EC0-301F-11D3-BF4B-00C04F79EFBC}") = "ConversorNumerosRomanosEIndoArabicosTeste", "ConversorNumerosRomanosEIndoArabicosTeste\ConversorNumerosRomanosEIndoArabicosTeste.csproj", "{575E5AB8-7CEA-4690-A7E3-6C591E7C442E}"
EndProject
Global
	GlobalSection(SolutionConfigurationPlatforms) = preSolution
		Debug|Any CPU = Debug|Any CPU
		Release|Any CPU = Release|Any CPU
	EndGlobalSection
	GlobalSection(ProjectConfigurationPlatforms) = postSolution
		{BFB00741-FA96-4A39-A369-952793C21306}.Debug|Any CPU.ActiveCfg = Debug|Any CPU
		{BFB00741-FA96-4A39-A369-952793C21306}.Debug|Any CPU.Build.0 = Debug|Any CPU
		{BFB00741-FA96-4A39-A369-952793C21306}.Release|Any CPU.ActiveCfg = Release|Any CPU
		{BFB00741-FA96-4A39-A369-952793C21306}.Release|Any CPU.Build.0 = Release|Any CPU
		{575E5AB8-7CEA-4690-A7E3-6C591E7C442E}.Debug|Any CPU.ActiveCfg = Debug|Any CPU
		{575E5AB8-7CEA-4690-A7E3-6C591E7C442E}.Debug|Any CPU.Build.0 = Debug|Any CPU
		{575E5AB8-7CEA-4690-A7E3-6C591E7C442E}.Release|Any CPU.ActiveCfg = Release|Any CPU
		{575E5AB8-7CEA-4690-A7E3-6C591E7C442E}.Release|Any CPU.Build.0 = Release|Any CPU
	EndGlobalSection
	GlobalSection(SolutionProperties) = preSolution
		HideSolutionNode = FALSE
	EndGlobalSection
	GlobalSection(ExtensibilityGlobals) = postSolution
		SolutionGuid = {63174AEF-C62E-4F40-B8A3-FC061DB00C04}
	EndGlobalSection
EndGlobal
